Microsoft Visual Studio Solution File, Format Version 12.00
# Visual Studio Version 17
VisualStudioVersion = 17.5.2.0
MinimumVisualStudioVersion = 10.0.40219.1
Project("{2150E333-8FDC-42A3-9474-1A3956D46DE8}") = "EcpEmuServer", "EcpEmuServer", "{28588932-AB09-1116-BED8-0F8DFD0C8D86}"
EndProject
Project("{2150E333-8FDC-42A3-9474-1A3956D46DE8}") = "src", "src", "{7A53FEFE-E916-7C8F-A6C8-DB8A76216063}"
EndProject
Project("{FAE04EC0-301F-11D3-BF4B-00C04F79EFBC}") = "VisualRules", "EcpEmuServer\src\VisualRules\VisualRules.csproj", "{241292AD-1FA5-E52C-7D34-51D9626D5DB8}"
EndProject
Project("{FAE04EC0-301F-11D3-BF4B-00C04F79EFBC}") = "EcpEmuServer", "EcpEmuServer\src\EcpEmuServer\EcpEmuServer.csproj", "{BDB8AFD8-46BA-CF46-3811-7607FB4F1919}"
EndProject
Global
	GlobalSection(SolutionConfigurationPlatforms) = preSolution
		Debug|Any CPU = Debug|Any CPU
		Release|Any CPU = Release|Any CPU
	EndGlobalSection
	GlobalSection(ProjectConfigurationPlatforms) = postSolution
		{241292AD-1FA5-E52C-7D34-51D9626D5DB8}.Debug|Any CPU.ActiveCfg = Debug|Any CPU
		{241292AD-1FA5-E52C-7D34-51D9626D5DB8}.Debug|Any CPU.Build.0 = Debug|Any CPU
		{241292AD-1FA5-E52C-7D34-51D9626D5DB8}.Release|Any CPU.ActiveCfg = Release|Any CPU
		{241292AD-1FA5-E52C-7D34-51D9626D5DB8}.Release|Any CPU.Build.0 = Release|Any CPU
		{BDB8AFD8-46BA-CF46-3811-7607FB4F1919}.Debug|Any CPU.ActiveCfg = Debug|Any CPU
		{BDB8AFD8-46BA-CF46-3811-7607FB4F1919}.Debug|Any CPU.Build.0 = Debug|Any CPU
		{BDB8AFD8-46BA-CF46-3811-7607FB4F1919}.Release|Any CPU.ActiveCfg = Release|Any CPU
		{BDB8AFD8-46BA-CF46-3811-7607FB4F1919}.Release|Any CPU.Build.0 = Release|Any CPU
	EndGlobalSection
	GlobalSection(SolutionProperties) = preSolution
		HideSolutionNode = FALSE
	EndGlobalSection
	GlobalSection(NestedProjects) = preSolution
		{7A53FEFE-E916-7C8F-A6C8-DB8A76216063} = {28588932-AB09-1116-BED8-0F8DFD0C8D86}
		{241292AD-1FA5-E52C-7D34-51D9626D5DB8} = {7A53FEFE-E916-7C8F-A6C8-DB8A76216063}
		{BDB8AFD8-46BA-CF46-3811-7607FB4F1919} = {7A53FEFE-E916-7C8F-A6C8-DB8A76216063}
	EndGlobalSection
	GlobalSection(ExtensibilityGlobals) = postSolution
		SolutionGuid = {CDE3ED6A-EC42-429F-B1E9-9BF14F11E485}
	EndGlobalSection
EndGlobal
